
Microsoft Visual Studio Solution File, Format Version 12.00
# Visual Studio Version 17
VisualStudioVersion = 17.14.36408.4
MinimumVisualStudioVersion = 10.0.40219.1
Project("{FAE04EC0-301F-11D3-BF4B-00C04F79EFBC}") = "CondominioAPI", "CondominioAPI\CondominioAPI.csproj", "{EEA9D14C-8775-4CC6-A2B5-977475BE2372}"
EndProject
Project("{FAE04EC0-301F-11D3-BF4B-00C04F79EFBC}") = "Condominio.Data.Mysql", "Condominio.Data.MySql\Condominio.Data.Mysql.csproj", "{D17DA617-2FAF-4356-842E-E3FED5A3E949}"
EndProject
Project("{FAE04EC0-301F-11D3-BF4B-00C04F79EFBC}") = "Condominio.Repository", "Condominio.Repository\Condominio.Repository.csproj", "{C2E1673C-293F-4171-A27F-18317202CDEB}"
EndProject
Project("{FAE04EC0-301F-11D3-BF4B-00C04F79EFBC}") = "Condominio.Models", "Condominio.Models\Condominio.Models.csproj", "{6A30D4AF-EB03-45A9-A390-7468D398B7E6}"
EndProject
Project("{FAE04EC0-301F-11D3-BF4B-00C04F79EFBC}") = "Condominio.DTOs", "Condominio.DTOs\Condominio.DTOs.csproj", "{6F01A55B-3D33-4ACF-9ECF-A21FD5D9C83E}"
EndProject
Project("{FAE04EC0-301F-11D3-BF4B-00C04F79EFBC}") = "Condominio.Utils", "Condominio.Utils\Condominio.Utils.csproj", "{B48D725F-B0C0-4ED6-AADC-EFCC0FDAEC7F}"
EndProject
Global
	GlobalSection(SolutionConfigurationPlatforms) = preSolution
		Debug|Any CPU = Debug|Any CPU
		Release|Any CPU = Release|Any CPU
	EndGlobalSection
	GlobalSection(ProjectConfigurationPlatforms) = postSolution
		{EEA9D14C-8775-4CC6-A2B5-977475BE2372}.Debug|Any CPU.ActiveCfg = Debug|Any CPU
		{EEA9D14C-8775-4CC6-A2B5-977475BE2372}.Debug|Any CPU.Build.0 = Debug|Any CPU
		{EEA9D14C-8775-4CC6-A2B5-977475BE2372}.Release|Any CPU.ActiveCfg = Release|Any CPU
		{EEA9D14C-8775-4CC6-A2B5-977475BE2372}.Release|Any CPU.Build.0 = Release|Any CPU
		{D17DA617-2FAF-4356-842E-E3FED5A3E949}.Debug|Any CPU.ActiveCfg = Debug|Any CPU
		{D17DA617-2FAF-4356-842E-E3FED5A3E949}.Debug|Any CPU.Build.0 = Debug|Any CPU
		{D17DA617-2FAF-4356-842E-E3FED5A3E949}.Release|Any CPU.ActiveCfg = Release|Any CPU
		{D17DA617-2FAF-4356-842E-E3FED5A3E949}.Release|Any CPU.Build.0 = Release|Any CPU
		{C2E1673C-293F-4171-A27F-18317202CDEB}.Debug|Any CPU.ActiveCfg = Debug|Any CPU
		{C2E1673C-293F-4171-A27F-18317202CDEB}.Debug|Any CPU.Build.0 = Debug|Any CPU
		{C2E1673C-293F-4171-A27F-18317202CDEB}.Release|Any CPU.ActiveCfg = Release|Any CPU
		{C2E1673C-293F-4171-A27F-18317202CDEB}.Release|Any CPU.Build.0 = Release|Any CPU
		{6A30D4AF-EB03-45A9-A390-7468D398B7E6}.Debug|Any CPU.ActiveCfg = Debug|Any CPU
		{6A30D4AF-EB03-45A9-A390-7468D398B7E6}.Debug|Any CPU.Build.0 = Debug|Any CPU
		{6A30D4AF-EB03-45A9-A390-7468D398B7E6}.Release|Any CPU.ActiveCfg = Release|Any CPU
		{6A30D4AF-EB03-45A9-A390-7468D398B7E6}.Release|Any CPU.Build.0 = Release|Any CPU
		{6F01A55B-3D33-4ACF-9ECF-A21FD5D9C83E}.Debug|Any CPU.ActiveCfg = Debug|Any CPU
		{6F01A55B-3D33-4ACF-9ECF-A21FD5D9C83E}.Debug|Any CPU.Build.0 = Debug|Any CPU
		{6F01A55B-3D33-4ACF-9ECF-A21FD5D9C83E}.Release|Any CPU.ActiveCfg = Release|Any CPU
		{6F01A55B-3D33-4ACF-9ECF-A21FD5D9C83E}.Release|Any CPU.Build.0 = Release|Any CPU
		{B48D725F-B0C0-4ED6-AADC-EFCC0FDAEC7F}.Debug|Any CPU.ActiveCfg = Debug|Any CPU
		{B48D725F-B0C0-4ED6-AADC-EFCC0FDAEC7F}.Debug|Any CPU.Build.0 = Debug|Any CPU
		{B48D725F-B0C0-4ED6-AADC-EFCC0FDAEC7F}.Release|Any CPU.ActiveCfg = Release|Any CPU
		{B48D725F-B0C0-4ED6-AADC-EFCC0FDAEC7F}.Release|Any CPU.Build.0 = Release|Any CPU
	EndGlobalSection
	GlobalSection(SolutionProperties) = preSolution
		HideSolutionNode = FALSE
	EndGlobalSection
	GlobalSection(ExtensibilityGlobals) = postSolution
		SolutionGuid = {00901153-4598-4D3D-8898-68904E38DAD3}
	EndGlobalSection
EndGlobal
